hash: 0aef69b535eb98834c18401d02e316b67d8c404726f07675b6464ef3114c9478
updated: 2017-04-16T09:40:28.216733449+01:00
imports:
- name: github.com/asaskevich/govalidator
  version: 7b3beb6df3c42abd3509abfc3bcacc0fbfb7c877
- name: github.com/cbroglie/mustache
  version: 6857e4b493bdb8d4b1931446eb41704aeb4c28cb
- name: github.com/dgrijalva/jwt-go
  version: 9fe8afe96d32468fba230b8b22acea86251f0506
- name: github.com/ellcrys/crypto
  version: 0a4b0be14cff5c4fae8174303e203d25425b5016
- name: github.com/ellcrys/util
  version: 4f0a2d2b43350cec9c9003959779b8b24190b641
- name: github.com/fatih/color
  version: 9131ab34cf20d2f6d83fdc67168a5430d1c7dc23
- name: github.com/franela/goreq
  version: fc08df6ca2d4a0d1a5ae24739aa268863943e723
- name: github.com/golang/protobuf
  version: 69b215d01a5606c843240eab4937eab3acee6530
  subpackages:
  - proto
- name: github.com/goware/urlx
  version: 8bb4a2e4339f55b15164907177e96e9faf885504
- name: github.com/hokaccha/go-prettyjson
  version: e6b9231a2b1cc5798b336fdbf99c16cd8ad1e0c9
- name: github.com/mattn/go-colorable
  version: 5411d3eea5978e6cdc258b30de592b60df6aba96
  repo: https://github.com/mattn/go-colorable
- name: github.com/mattn/go-isatty
  version: 57fdcb988a5c543893cc61bce354a6e24ab70022
  repo: https://github.com/mattn/go-isatty
- name: github.com/ncodes/cocoon
  version: 0ae71f596a349112f76103847880805207da135a
  subpackages:
  - core/common
  - core/connector/server/connector_proto
  - core/runtime/golang
  - core/runtime/golang/config
  - core/runtime/golang/proto
  - core/types
- name: github.com/ncodes/cocoon-util
  version: 69e9cd42e36dbe5a951ae60539c1a1b701167b66
- name: github.com/ncodes/go-spin
  version: ddabc69b6151945c05fc40e2ae3f2fc9396b77a2
- name: github.com/op/go-logging
  version: b2cb9fa56473e98db8caba80237377e83fe44db5
- name: github.com/PuerkitoBio/purell
  version: b938d81255b5473c57635324295cb0fe398c7a58
- name: github.com/PuerkitoBio/urlesc
  version: bbf7a2afc14f93e1e0a5c06df524fbd75e5031e5
- name: github.com/satori/go.uuid
  version: 242673bbc820e051ef00033e274d32e08ece9e15
- name: github.com/Sirupsen/logrus
  version: 10f801ebc38b33738c9d17d50860f484a0988ff5
- name: github.com/square/go-jose
  version: 70a7e670bd0d4bb35902d31f3a75a6689843abed
  subpackages:
  - cipher
  - json
- name: golang.org/x/net
  version: 10c134ea0df15f7e34d789338c7a2d76cc7a3ab9
  subpackages:
  - context
  - http2
  - http2/hpack
  - idna
  - internal/timeseries
  - lex/httplex
  - trace
- name: golang.org/x/sys
  version: 9a7256cb28ed514b4e1e5f68959914c4c28a92e0
  subpackages:
  - unix
- name: golang.org/x/text
  version: fc7fa097411d30e6708badff276c4c164425590c
  subpackages:
  - transform
  - unicode/norm
  - width
- name: google.golang.org/grpc
  version: 8050b9cbc271307e5a716a9d782803d09b0d6f2d
  subpackages:
  - codes
  - credentials
  - grpclog
  - internal
  - keepalive
  - metadata
  - naming
  - peer
  - stats
  - tap
  - transport
- name: gopkg.in/mgo.v2
  version: 3f83fa5005286a7fe593b055f0d7771a7dce4655
  subpackages:
  - bson
  - internal/json
- name: gopkg.in/oleiade/lane.v1
  version: 28f7c3f09254f12b51e620fa4db136ba58804762
- name: gopkg.in/square/go-jose.v1
  version: 70a7e670bd0d4bb35902d31f3a75a6689843abed
testImports: []
