hash: 7b77227bf87d9348b72c9363fde34d009c6f0df17d33bf67393d4cfc9221f3f3
updated: 2017-02-25T17:39:00.254972088+01:00
imports:
- name: github.com/golang/protobuf
  version: 69b215d01a5606c843240eab4937eab3acee6530
  subpackages:
  - proto
- name: github.com/ncodes/cocoon
  version: 5c29ac62c1181245aa68ae598096b9b614576897
  subpackages:
  - core/stubs/golang
  - core/stubs/golang/config
  - core/stubs/golang/proto
- name: github.com/op/go-logging
  version: 970db520ece77730c7e4724c61121037378659d9
- name: golang.org/x/net
  version: 10c134ea0df15f7e34d789338c7a2d76cc7a3ab9
  subpackages:
  - context
  - http2
  - http2/hpack
  - idna
  - internal/timeseries
  - lex/httplex
  - trace
- name: google.golang.org/grpc
  version: 34384f34de585705f1a6783a158d2ec8af29f618
  subpackages:
  - codes
  - credentials
  - grpclog
  - internal
  - metadata
  - naming
  - peer
  - stats
  - tap
  - transport
testImports: []
